
Microsoft Visual Studio Solution File, Format Version 12.00
# Visual Studio Version 16
VisualStudioVersion = 16.0.30114.105
MinimumVisualStudioVersion = 10.0.40219.1
Project("{FAE04EC0-301F-11D3-BF4B-00C04F79EFBC}") = "ApkUpdate", "ApkUpdate.csproj", "{1ACF3017-475D-46E7-BDE8-34EA2B52AB7E}"
EndProject
Global
	GlobalSection(SolutionConfigurationPlatforms) = preSolution
		Debug|ARM = Debug|ARM
		Debug|ARM64 = Debug|ARM64
		Debug|x64 = Debug|x64
		Debug|x86 = Debug|x86
		Release|ARM = Release|ARM
		Release|ARM64 = Release|ARM64
		Release|x64 = Release|x64
		Release|x86 = Release|x86
	EndGlobalSection
	GlobalSection(ProjectConfigurationPlatforms) = postSolution
		{1ACF3017-475D-46E7-BDE8-34EA2B52AB7E}.Debug|ARM.ActiveCfg = Debug|ARM
		{1ACF3017-475D-46E7-BDE8-34EA2B52AB7E}.Debug|ARM.Build.0 = Debug|ARM
		{1ACF3017-475D-46E7-BDE8-34EA2B52AB7E}.Debug|ARM.Deploy.0 = Debug|ARM
		{1ACF3017-475D-46E7-BDE8-34EA2B52AB7E}.Debug|ARM64.ActiveCfg = Debug|ARM64
		{1ACF3017-475D-46E7-BDE8-34EA2B52AB7E}.Debug|ARM64.Build.0 = Debug|ARM64
		{1ACF3017-475D-46E7-BDE8-34EA2B52AB7E}.Debug|ARM64.Deploy.0 = Debug|ARM64
		{1ACF3017-475D-46E7-BDE8-34EA2B52AB7E}.Debug|x64.ActiveCfg = Debug|x64
		{1ACF3017-475D-46E7-BDE8-34EA2B52AB7E}.Debug|x64.Build.0 = Debug|x64
		{1ACF3017-475D-46E7-BDE8-34EA2B52AB7E}.Debug|x64.Deploy.0 = Debug|x64
		{1ACF3017-475D-46E7-BDE8-34EA2B52AB7E}.Debug|x86.ActiveCfg = Debug|x86
		{1ACF3017-475D-46E7-BDE8-34EA2B52AB7E}.Debug|x86.Build.0 = Debug|x86
		{1ACF3017-475D-46E7-BDE8-34EA2B52AB7E}.Debug|x86.Deploy.0 = Debug|x86
		{1ACF3017-475D-46E7-BDE8-34EA2B52AB7E}.Release|ARM.ActiveCfg = Release|ARM
		{1ACF3017-475D-46E7-BDE8-34EA2B52AB7E}.Release|ARM.Build.0 = Release|ARM
		{1ACF3017-475D-46E7-BDE8-34EA2B52AB7E}.Release|ARM.Deploy.0 = Release|ARM
		{1ACF3017-475D-46E7-BDE8-34EA2B52AB7E}.Release|ARM64.ActiveCfg = Release|ARM64
		{1ACF3017-475D-46E7-BDE8-34EA2B52AB7E}.Release|ARM64.Build.0 = Release|ARM64
		{1ACF3017-475D-46E7-BDE8-34EA2B52AB7E}.Release|ARM64.Deploy.0 = Release|ARM64
		{1ACF3017-475D-46E7-BDE8-34EA2B52AB7E}.Release|x64.ActiveCfg = Release|x64
		{1ACF3017-475D-46E7-BDE8-34EA2B52AB7E}.Release|x64.Build.0 = Release|x64
		{1ACF3017-475D-46E7-BDE8-34EA2B52AB7E}.Release|x64.Deploy.0 = Release|x64
		{1ACF3017-475D-46E7-BDE8-34EA2B52AB7E}.Release|x86.ActiveCfg = Release|x86
		{1ACF3017-475D-46E7-BDE8-34EA2B52AB7E}.Release|x86.Build.0 = Release|x86
		{1ACF3017-475D-46E7-BDE8-34EA2B52AB7E}.Release|x86.Deploy.0 = Release|x86
	EndGlobalSection
	GlobalSection(SolutionProperties) = preSolution
		HideSolutionNode = FALSE
	EndGlobalSection
	GlobalSection(ExtensibilityGlobals) = postSolution
		SolutionGuid = {DA1386C5-968F-4BDE-A66F-95094CE77793}
	EndGlobalSection
EndGlobal
